
Microsoft Visual Studio Solution File, Format Version 12.00
# Visual Studio 15
VisualStudioVersion = 15.0.28307.271
MinimumVisualStudioVersion = 10.0.40219.1
Project("{FAE04EC0-301F-11D3-BF4B-00C04F79EFBC}") = "Project_PRG282", "Project_PRG282\Project_PRG282.csproj", "{CA13FCAE-F2DF-418D-A1DA-5C8679E4A6B9}"
EndProject
Global
	GlobalSection(SolutionConfigurationPlatforms) = preSolution
		Debug|Any CPU = Debug|Any CPU
		Release|Any CPU = Release|Any CPU
	EndGlobalSection
	GlobalSection(ProjectConfigurationPlatforms) = postSolution
		{CA13FCAE-F2DF-418D-A1DA-5C8679E4A6B9}.Debug|Any CPU.ActiveCfg = Debug|Any CPU
		{CA13FCAE-F2DF-418D-A1DA-5C8679E4A6B9}.Debug|Any CPU.Build.0 = Debug|Any CPU
		{CA13FCAE-F2DF-418D-A1DA-5C8679E4A6B9}.Release|Any CPU.ActiveCfg = Release|Any CPU
		{CA13FCAE-F2DF-418D-A1DA-5C8679E4A6B9}.Release|Any CPU.Build.0 = Release|Any CPU
	EndGlobalSection
	GlobalSection(SolutionProperties) = preSolution
		HideSolutionNode = FALSE
	EndGlobalSection
	GlobalSection(ExtensibilityGlobals) = postSolution
		SolutionGuid = {2B711735-DC2E-4F32-BFED-A8162672C8EC}
	EndGlobalSection
EndGlobal
